
Microsoft Visual Studio Solution File, Format Version 12.00
# Visual Studio Version 17
VisualStudioVersion = 17.11.35222.181
MinimumVisualStudioVersion = 10.0.40219.1
Project("{FAE04EC0-301F-11D3-BF4B-00C04F79EFBC}") = "calculadora", "calculadora\calculadora.csproj", "{96E26C8D-AB07-429A-B7E6-EEAF0DE8D7C0}"
EndProject
Global
	GlobalSection(SolutionConfigurationPlatforms) = preSolution
		Debug|Any CPU = Debug|Any CPU
		Release|Any CPU = Release|Any CPU
	EndGlobalSection
	GlobalSection(ProjectConfigurationPlatforms) = postSolution
		{96E26C8D-AB07-429A-B7E6-EEAF0DE8D7C0}.Debug|Any CPU.ActiveCfg = Debug|Any CPU
		{96E26C8D-AB07-429A-B7E6-EEAF0DE8D7C0}.Debug|Any CPU.Build.0 = Debug|Any CPU
		{96E26C8D-AB07-429A-B7E6-EEAF0DE8D7C0}.Release|Any CPU.ActiveCfg = Release|Any CPU
		{96E26C8D-AB07-429A-B7E6-EEAF0DE8D7C0}.Release|Any CPU.Build.0 = Release|Any CPU
	EndGlobalSection
	GlobalSection(SolutionProperties) = preSolution
		HideSolutionNode = FALSE
	EndGlobalSection
	GlobalSection(ExtensibilityGlobals) = postSolution
		SolutionGuid = {3F45B9A7-86F3-4966-90A7-7B72AB69A515}
	EndGlobalSection
EndGlobal
